
Microsoft Visual Studio Solution File, Format Version 12.00
# Visual Studio 14
VisualStudioVersion = 14.0.25123.0
MinimumVisualStudioVersion = 10.0.40219.1
Project("{FAE04EC0-301F-11D3-BF4B-00C04F79EFBC}") = "MFT", "MFT\MFT.csproj", "{DDA9E417-B536-4730-B578-AA45F8B130C7}"
EndProject
Project("{FAE04EC0-301F-11D3-BF4B-00C04F79EFBC}") = "MFT.Test", "MFT.Test\MFT.Test.csproj", "{6DDDB050-A947-4B94-8E1C-70326008C65B}"
EndProject
Global
	GlobalSection(SolutionConfigurationPlatforms) = preSolution
		Debug|Any CPU = Debug|Any CPU
		Release|Any CPU = Release|Any CPU
	EndGlobalSection
	GlobalSection(ProjectConfigurationPlatforms) = postSolution
		{DDA9E417-B536-4730-B578-AA45F8B130C7}.Debug|Any CPU.ActiveCfg = Debug|Any CPU
		{DDA9E417-B536-4730-B578-AA45F8B130C7}.Debug|Any CPU.Build.0 = Debug|Any CPU
		{DDA9E417-B536-4730-B578-AA45F8B130C7}.Release|Any CPU.ActiveCfg = Release|Any CPU
		{DDA9E417-B536-4730-B578-AA45F8B130C7}.Release|Any CPU.Build.0 = Release|Any CPU
		{6DDDB050-A947-4B94-8E1C-70326008C65B}.Debug|Any CPU.ActiveCfg = Debug|Any CPU
		{6DDDB050-A947-4B94-8E1C-70326008C65B}.Debug|Any CPU.Build.0 = Debug|Any CPU
		{6DDDB050-A947-4B94-8E1C-70326008C65B}.Release|Any CPU.ActiveCfg = Release|Any CPU
		{6DDDB050-A947-4B94-8E1C-70326008C65B}.Release|Any CPU.Build.0 = Release|Any CPU
	EndGlobalSection
	GlobalSection(SolutionProperties) = preSolution
		HideSolutionNode = FALSE
	EndGlobalSection
EndGlobal
